
Microsoft Visual Studio Solution File, Format Version 12.00
# Visual Studio Version 17
VisualStudioVersion = 17.4.33205.214
MinimumVisualStudioVersion = 10.0.40219.1
Project("{FAE04EC0-301F-11D3-BF4B-00C04F79EFBC}") = "test1", "test1.csproj", "{BB75BC54-54A9-493B-92DC-4D5C5A596C1E}"
EndProject
Global
	GlobalSection(SolutionConfigurationPlatforms) = preSolution
		Debug|Any CPU = Debug|Any CPU
		Release|Any CPU = Release|Any CPU
	EndGlobalSection
	GlobalSection(ProjectConfigurationPlatforms) = postSolution
		{BB75BC54-54A9-493B-92DC-4D5C5A596C1E}.Debug|Any CPU.ActiveCfg = Debug|Any CPU
		{BB75BC54-54A9-493B-92DC-4D5C5A596C1E}.Debug|Any CPU.Build.0 = Debug|Any CPU
		{BB75BC54-54A9-493B-92DC-4D5C5A596C1E}.Release|Any CPU.ActiveCfg = Release|Any CPU
		{BB75BC54-54A9-493B-92DC-4D5C5A596C1E}.Release|Any CPU.Build.0 = Release|Any CPU
	EndGlobalSection
	GlobalSection(SolutionProperties) = preSolution
		HideSolutionNode = FALSE
	EndGlobalSection
	GlobalSection(ExtensibilityGlobals) = postSolution
		SolutionGuid = {6CC31EE4-21C2-4F91-B6BB-8F803795DB57}
	EndGlobalSection
EndGlobal
