
Microsoft Visual Studio Solution File, Format Version 12.00
# Visual Studio Version 17
VisualStudioVersion = 17.4.33205.214
MinimumVisualStudioVersion = 10.0.40219.1
Project("{FAE04EC0-301F-11D3-BF4B-00C04F79EFBC}") = "TnSq", "TnSq.csproj", "{80DC2FCF-95BF-470A-81D3-0DE870853C07}"
EndProject
Global
	GlobalSection(SolutionConfigurationPlatforms) = preSolution
		Debug|Any CPU = Debug|Any CPU
		Release|Any CPU = Release|Any CPU
	EndGlobalSection
	GlobalSection(ProjectConfigurationPlatforms) = postSolution
		{80DC2FCF-95BF-470A-81D3-0DE870853C07}.Debug|Any CPU.ActiveCfg = Debug|Any CPU
		{80DC2FCF-95BF-470A-81D3-0DE870853C07}.Debug|Any CPU.Build.0 = Debug|Any CPU
		{80DC2FCF-95BF-470A-81D3-0DE870853C07}.Release|Any CPU.ActiveCfg = Release|Any CPU
		{80DC2FCF-95BF-470A-81D3-0DE870853C07}.Release|Any CPU.Build.0 = Release|Any CPU
	EndGlobalSection
	GlobalSection(SolutionProperties) = preSolution
		HideSolutionNode = FALSE
	EndGlobalSection
	GlobalSection(ExtensibilityGlobals) = postSolution
		SolutionGuid = {548C7D77-7862-4FBD-A3EC-2CF6C00E2FCA}
	EndGlobalSection
EndGlobal
