
Microsoft Visual Studio Solution File, Format Version 12.00
# Visual Studio Version 17
VisualStudioVersion = 17.4.33205.214
MinimumVisualStudioVersion = 10.0.40219.1
Project("{FAE04EC0-301F-11D3-BF4B-00C04F79EFBC}") = "WhatIsOverride", "WhatIsOverride.csproj", "{A7078A95-24E5-41FC-A550-367CB054FB73}"
EndProject
Global
	GlobalSection(SolutionConfigurationPlatforms) = preSolution
		Debug|Any CPU = Debug|Any CPU
		Release|Any CPU = Release|Any CPU
	EndGlobalSection
	GlobalSection(ProjectConfigurationPlatforms) = postSolution
		{A7078A95-24E5-41FC-A550-367CB054FB73}.Debug|Any CPU.ActiveCfg = Debug|Any CPU
		{A7078A95-24E5-41FC-A550-367CB054FB73}.Debug|Any CPU.Build.0 = Debug|Any CPU
		{A7078A95-24E5-41FC-A550-367CB054FB73}.Release|Any CPU.ActiveCfg = Release|Any CPU
		{A7078A95-24E5-41FC-A550-367CB054FB73}.Release|Any CPU.Build.0 = Release|Any CPU
	EndGlobalSection
	GlobalSection(SolutionProperties) = preSolution
		HideSolutionNode = FALSE
	EndGlobalSection
	GlobalSection(ExtensibilityGlobals) = postSolution
		SolutionGuid = {E68F04F5-EE45-4118-837A-B4E69744C3D9}
	EndGlobalSection
EndGlobal
